
Microsoft Visual Studio Solution File, Format Version 12.00
# Visual Studio Version 17
VisualStudioVersion = 17.3.32922.545
MinimumVisualStudioVersion = 10.0.40219.1
Project("{FAE04EC0-301F-11D3-BF4B-00C04F79EFBC}") = "ProcessWrapper", "ProcessWrapper\ProcessWrapper.csproj", "{4CB735FE-F588-4967-991B-0E503CEB20FF}"
EndProject
Global
	GlobalSection(SolutionConfigurationPlatforms) = preSolution
		Debug|Any CPU = Debug|Any CPU
		Release|Any CPU = Release|Any CPU
	EndGlobalSection
	GlobalSection(ProjectConfigurationPlatforms) = postSolution
		{4CB735FE-F588-4967-991B-0E503CEB20FF}.Debug|Any CPU.ActiveCfg = Debug|Any CPU
		{4CB735FE-F588-4967-991B-0E503CEB20FF}.Debug|Any CPU.Build.0 = Debug|Any CPU
		{4CB735FE-F588-4967-991B-0E503CEB20FF}.Release|Any CPU.ActiveCfg = Release|Any CPU
		{4CB735FE-F588-4967-991B-0E503CEB20FF}.Release|Any CPU.Build.0 = Release|Any CPU
	EndGlobalSection
	GlobalSection(SolutionProperties) = preSolution
		HideSolutionNode = FALSE
	EndGlobalSection
	GlobalSection(ExtensibilityGlobals) = postSolution
		SolutionGuid = {A2664A51-6B45-4F7C-A980-276C25116776}
	EndGlobalSection
EndGlobal
